// !$*UTF8*$!
{
	archiveVersion = 1;
	classes = {
	};
	objectVersion = 55;
	objects = {

/* Begin PBXBuildFile section */
		41D673172A569D72C3C472CE /* Pods_Parstagram_ParstagramUITests.framework in Frameworks */ = {isa = PBXBuildFile; fileRef = 6E2CF1F961C3854D57055841 /* Pods_Parstagram_ParstagramUITests.framework */; };
		5E3F813D27D95AAB0099D005 /* CommentCell.swift in Sources */ = {isa = PBXBuildFile; fileRef = 5E3F813C27D95AAB0099D005 /* CommentCell.swift */; };
		5E5DB8E227D3D46200F8017D /* LoginViewController.swift in Sources */ = {isa = PBXBuildFile; fileRef = 5E5DB8E127D3D46200F8017D /* LoginViewController.swift */; };
		5E5DB8E427D3D48200F8017D /* FeedViewController.swift in Sources */ = {isa = PBXBuildFile; fileRef = 5E5DB8E327D3D48200F8017D /* FeedViewController.swift */; };
		5E5DB8E627D3E7F900F8017D /* CameraViewController.swift in Sources */ = {isa = PBXBuildFile; fileRef = 5E5DB8E527D3E7F900F8017D /* CameraViewController.swift */; };
		5E5DB8E827D44F9200F8017D /* PostCell.swift in Sources */ = {isa = PBXBuildFile; fileRef = 5E5DB8E727D44F9200F8017D /* PostCell.swift */; };
		5EC70A7E27D3CCE100B2CD57 /* AppDelegate.swift in Sources */ = {isa = PBXBuildFile; fileRef = 5EC70A7D27D3CCE100B2CD57 /* AppDelegate.swift */; };
		5EC70A8027D3CCE100B2CD57 /* SceneDelegate.swift in Sources */ = {isa = PBXBuildFile; fileRef = 5EC70A7F27D3CCE100B2CD57 /* SceneDelegate.swift */; };
		5EC70A8527D3CCE100B2CD57 /* Main.storyboard in Resources */ = {isa = PBXBuildFile; fileRef = 5EC70A8327D3CCE100B2CD57 /* Main.storyboard */; };
		5EC70A8727D3CCE200B2CD57 /* Assets.xcassets in Resources */ = {isa = PBXBuildFile; fileRef = 5EC70A8627D3CCE200B2CD57 /* Assets.xcassets */; };
		5EC70A8A27D3CCE200B2CD57 /* LaunchScreen.storyboard in Resources */ = {isa = PBXBuildFile; fileRef = 5EC70A8827D3CCE200B2CD57 /* LaunchScreen.storyboard */; };
		5EC70A9527D3CCE200B2CD57 /* ParstagramTests.swift in Sources */ = {isa = PBXBuildFile; fileRef = 5EC70A9427D3CCE200B2CD57 /* ParstagramTests.swift */; };
		5EC70A9F27D3CCE200B2CD57 /* ParstagramUITests.swift in Sources */ = {isa = PBXBuildFile; fileRef = 5EC70A9E27D3CCE200B2CD57 /* ParstagramUITests.swift */; };
		5EC70AA127D3CCE200B2CD57 /* ParstagramUITestsLaunchTests.swift in Sources */ = {isa = PBXBuildFile; fileRef = 5EC70AA027D3CCE200B2CD57 /* ParstagramUITestsLaunchTests.swift */; };
		A05440E4DB71A10EE0FDEFCB /* Pods_ParstagramTests.framework in Frameworks */ = {isa = PBXBuildFile; fileRef = 5F7D7953F30B64C58E6E8403 /* Pods_ParstagramTests.framework */; };
		FBA8DE8CD9073FBDDA6301AA /* Pods_Parstagram.framework in Frameworks */ = {isa = PBXBuildFile; fileRef = 905B738F27F64794B98788F6 /* Pods_Parstagram.framework */; };
/* End PBXBuildFile section */

/* Begin PBXContainerItemProxy section */
		5EC70A9127D3CCE200B2CD57 /* PBXContainerItemProxy */ = {
			isa = PBXContainerItemProxy;
			containerPortal = 5EC70A7227D3CCE100B2CD57 /* Project object */;
			proxyType = 1;
			remoteGlobalIDString = 5EC70A7927D3CCE100B2CD57;
			remoteInfo = Parstagram;
		};
		5EC70A9B27D3CCE200B2CD57 /* PBXContainerItemProxy */ = {
			isa = PBXContainerItemProxy;
			containerPortal = 5EC70A7227D3CCE100B2CD57 /* Project object */;
			proxyType = 1;
			remoteGlobalIDString = 5EC70A7927D3CCE100B2CD57;
			remoteInfo = Parstagram;
		};
/* End PBXContainerItemProxy section */

/* Begin PBXFileReference section */
		238E42EBE6EAF3B96FCE1D42 /* Pods-Parstagram-ParstagramUITests.release.xcconfig */ = {isa = PBXFileReference; includeInIndex = 1; lastKnownFileType = text.xcconfig; name = "Pods-Parstagram-ParstagramUITests.release.xcconfig"; path = "Target Support Files/Pods-Parstagram-ParstagramUITests/Pods-Parstagram-ParstagramUITests.release.xcconfig"; sourceTree = "<group>"; };
		4F7736D8FE522A72FA66D8E6 /* Pods-Parstagram-ParstagramUITests.debug.xcconfig */ = {isa = PBXFileReference; includeInIndex = 1; lastKnownFileType = text.xcconfig; name = "Pods-Parstagram-ParstagramUITests.debug.xcconfig"; path = "Target Support Files/Pods-Parstagram-ParstagramUITests/Pods-Parstagram-ParstagramUITests.debug.xcconfig"; sourceTree = "<group>"; };
		5E3F813C27D95AAB0099D005 /* CommentCell.swift */ = {isa = PBXFileReference; lastKnownFileType = sourcecode.swift; path = CommentCell.swift; sourceTree = "<group>"; };
		5E5DB8E127D3D46200F8017D /* LoginViewController.swift */ = {isa = PBXFileReference; lastKnownFileType = sourcecode.swift; path = LoginViewController.swift; sourceTree = "<group>"; };
		5E5DB8E327D3D48200F8017D /* FeedViewController.swift */ = {isa = PBXFileReference; lastKnownFileType = sourcecode.swift; path = FeedViewController.swift; sourceTree = "<group>"; };
		5E5DB8E527D3E7F900F8017D /* CameraViewController.swift */ = {isa = PBXFileReference; lastKnownFileType = sourcecode.swift; path = CameraViewController.swift; sourceTree = "<group>"; };
		5E5DB8E727D44F9200F8017D /* PostCell.swift */ = {isa = PBXFileReference; lastKnownFileType = sourcecode.swift; path = PostCell.swift; sourceTree = "<group>"; };
		5EC70A7A27D3CCE100B2CD57 /* Parstagram.app */ = {isa = PBXFileReference; explicitFileType = wrapper.application; includeInIndex = 0; path = Parstagram.app; sourceTree = BUILT_PRODUCTS_DIR; };
		5EC70A7D27D3CCE100B2CD57 /* AppDelegate.swift */ = {isa = PBXFileReference; lastKnownFileType = sourcecode.swift; path = AppDelegate.swift; sourceTree = "<group>"; };
		5EC70A7F27D3CCE100B2CD57 /* SceneDelegate.swift */ = {isa = PBXFileReference; lastKnownFileType = sourcecode.swift; path = SceneDelegate.swift; sourceTree = "<group>"; };
		5EC70A8427D3CCE100B2CD57 /* Base */ = {isa = PBXFileReference; lastKnownFileType = file.storyboard; name = Base; path = Base.lproj/Main.storyboard; sourceTree = "<group>"; };
		5EC70A8627D3CCE200B2CD57 /* Assets.xcassets */ = {isa = PBXFileReference; lastKnownFileType = folder.assetcatalog; path = Assets.xcassets; sourceTree = "<group>"; };
		5EC70A8927D3CCE200B2CD57 /* Base */ = {isa = PBXFileReference; lastKnownFileType = file.storyboard; name = Base; path = Base.lproj/LaunchScreen.storyboard; sourceTree = "<group>"; };
		5EC70A8B27D3CCE200B2CD57 /* Info.plist */ = {isa = PBXFileReference; lastKnownFileType = text.plist.xml; path = Info.plist; sourceTree = "<group>"; };
		5EC70A9027D3CCE200B2CD57 /* ParstagramTests.xctest */ = {isa = PBXFileReference; explicitFileType = wrapper.cfbundle; includeInIndex = 0; path = ParstagramTests.xctest; sourceTree = BUILT_PRODUCTS_DIR; };
		5EC70A9427D3CCE200B2CD57 /* ParstagramTests.swift */ = {isa = PBXFileReference; lastKnownFileType = sourcecode.swift; path = ParstagramTests.swift; sourceTree = "<group>"; };
		5EC70A9A27D3CCE200B2CD57 /* ParstagramUITests.xctest */ = {isa = PBXFileReference; explicitFileType = wrapper.cfbundle; includeInIndex = 0; path = ParstagramUITests.xctest; sourceTree = BUILT_PRODUCTS_DIR; };
		5EC70A9E27D3CCE200B2CD57 /* ParstagramUITests.swift */ = {isa = PBXFileReference; lastKnownFileType = sourcecode.swift; path = ParstagramUITests.swift; sourceTree = "<group>"; };
		5EC70AA027D3CCE200B2CD57 /* ParstagramUITestsLaunchTests.swift */ = {isa = PBXFileReference; lastKnownFileType = sourcecode.swift; path = ParstagramUITestsLaunchTests.swift; sourceTree = "<group>"; };
		5F7D7953F30B64C58E6E8403 /* Pods_ParstagramTests.framework */ = {isa = PBXFileReference; explicitFileType = wrapper.framework; includeInIndex = 0; path = Pods_ParstagramTests.framework; sourceTree = BUILT_PRODUCTS_DIR; };
		6E2CF1F961C3854D57055841 /* Pods_Parstagram_ParstagramUITests.framework */ = {isa = PBXFileReference; explicitFileType = wrapper.framework; includeInIndex = 0; path = Pods_Parstagram_ParstagramUITests.framework; sourceTree = BUILT_PRODUCTS_DIR; };
		76E9AE1E2984A9EEA78499C4 /* Pods-Parstagram.release.xcconfig */ = {isa = PBXFileReference; includeInIndex = 1; lastKnownFileType = text.xcconfig; name = "Pods-Parstagram.release.xcconfig"; path = "Target Support Files/Pods-Parstagram/Pods-Parstagram.release.xcconfig"; sourceTree = "<group>"; };
		905B738F27F64794B98788F6 /* Pods_Parstagram.framework */ = {isa = PBXFileReference; explicitFileType = wrapper.framework; includeInIndex = 0; path = Pods_Parstagram.framework; sourceTree = BUILT_PRODUCTS_DIR; };
		AA05725D33BB3861AB8704E6 /* Pods-Parstagram.debug.xcconfig */ = {isa = PBXFileReference; includeInIndex = 1; lastKnownFileType = text.xcconfig; name = "Pods-Parstagram.debug.xcconfig"; path = "Target Support Files/Pods-Parstagram/Pods-Parstagram.debug.xcconfig"; sourceTree = "<group>"; };
		C2879970F8974FADCE94D622 /* Pods-ParstagramTests.debug.xcconfig */ = {isa = PBXFileReference; includeInIndex = 1; lastKnownFileType = text.xcconfig; name = "Pods-ParstagramTests.debug.xcconfig"; path = "Target Support Files/Pods-ParstagramTests/Pods-ParstagramTests.debug.xcconfig"; sourceTree = "<group>"; };
		DB6853D6FE2FB10D117B9554 /* Pods-ParstagramTests.release.xcconfig */ = {isa = PBXFileReference; includeInIndex = 1; lastKnownFileType = text.xcconfig; name = "Pods-ParstagramTests.release.xcconfig"; path = "Target Support Files/Pods-ParstagramTests/Pods-ParstagramTests.release.xcconfig"; sourceTree = "<group>"; };
/* End PBXFileReference section */

/* Begin PBXFrameworksBuildPhase section */
		5EC70A7727D3CCE100B2CD57 /* Frameworks */ = {
			isa = PBXFrameworksBuildPhase;
			buildActionMask = 2147483647;
			files = (
				FBA8DE8CD9073FBDDA6301AA /* Pods_Parstagram.framework in Frameworks */,
			);
			runOnlyForDeploymentPostprocessing = 0;
		};
		5EC70A8D27D3CCE200B2CD57 /* Frameworks */ = {
			isa = PBXFrameworksBuildPhase;
			buildActionMask = 2147483647;
			files = (
				A05440E4DB71A10EE0FDEFCB /* Pods_ParstagramTests.framework in Frameworks */,
			);
			runOnlyForDeploymentPostprocessing = 0;
		};
		5EC70A9727D3CCE200B2CD57 /* Frameworks */ = {
			isa = PBXFrameworksBuildPhase;
			buildActionMask = 2147483647;
			files = (
				41D673172A569D72C3C472CE /* Pods_Parstagram_ParstagramUITests.framework in Frameworks */,
			);
			runOnlyForDeploymentPostprocessing = 0;
		};
/* End PBXFrameworksBuildPhase section */

/* Begin PBXGroup section */
		5A135F176F7E93A0AC6E68D7 /* Frameworks */ = {
			isa = PBXGroup;
			children = (
				905B738F27F64794B98788F6 /* Pods_Parstagram.framework */,
				6E2CF1F961C3854D57055841 /* Pods_Parstagram_ParstagramUITests.framework */,
				5F7D7953F30B64C58E6E8403 /* Pods_ParstagramTests.framework */,
			);
			name = Frameworks;
			sourceTree = "<group>";
		};
		5EC70A7127D3CCE100B2CD57 = {
			isa = PBXGroup;
			children = (
				5EC70A7C27D3CCE100B2CD57 /* Parstagram */,
				5EC70A9327D3CCE200B2CD57 /* ParstagramTests */,
				5EC70A9D27D3CCE200B2CD57 /* ParstagramUITests */,
				5EC70A7B27D3CCE100B2CD57 /* Products */,
				C34F3B5F087A86C1D35E8AC6 /* Pods */,
				5A135F176F7E93A0AC6E68D7 /* Frameworks */,
			);
			sourceTree = "<group>";
		};
		5EC70A7B27D3CCE100B2CD57 /* Products */ = {
			isa = PBXGroup;
			children = (
				5EC70A7A27D3CCE100B2CD57 /* Parstagram.app */,
				5EC70A9027D3CCE200B2CD57 /* ParstagramTests.xctest */,
				5EC70A9A27D3CCE200B2CD57 /* ParstagramUITests.xctest */,
			);
			name = Products;
			sourceTree = "<group>";
		};
		5EC70A7C27D3CCE100B2CD57 /* Parstagram */ = {
			isa = PBXGroup;
			children = (
				5EC70A7D27D3CCE100B2CD57 /* AppDelegate.swift */,
				5EC70A7F27D3CCE100B2CD57 /* SceneDelegate.swift */,
				5EC70A8327D3CCE100B2CD57 /* Main.storyboard */,
				5EC70A8627D3CCE200B2CD57 /* Assets.xcassets */,
				5EC70A8827D3CCE200B2CD57 /* LaunchScreen.storyboard */,
				5EC70A8B27D3CCE200B2CD57 /* Info.plist */,
				5E5DB8E127D3D46200F8017D /* LoginViewController.swift */,
				5E5DB8E327D3D48200F8017D /* FeedViewController.swift */,
				5E5DB8E527D3E7F900F8017D /* CameraViewController.swift */,
				5E5DB8E727D44F9200F8017D /* PostCell.swift */,
				5E3F813C27D95AAB0099D005 /* CommentCell.swift */,
			);
			path = Parstagram;
			sourceTree = "<group>";
		};
		5EC70A9327D3CCE200B2CD57 /* ParstagramTests */ = {
			isa = PBXGroup;
			children = (
				5EC70A9427D3CCE200B2CD57 /* ParstagramTests.swift */,
			);
			path = ParstagramTests;
			sourceTree = "<group>";
		};
		5EC70A9D27D3CCE200B2CD57 /* ParstagramUITests */ = {
			isa = PBXGroup;
			children = (
				5EC70A9E27D3CCE200B2CD57 /* ParstagramUITests.swift */,
				5EC70AA027D3CCE200B2CD57 /* ParstagramUITestsLaunchTests.swift */,
			);
			path = ParstagramUITests;
			sourceTree = "<group>";
		};
		C34F3B5F087A86C1D35E8AC6 /* Pods */ = {
			isa = PBXGroup;
			children = (
				AA05725D33BB3861AB8704E6 /* Pods-Parstagram.debug.xcconfig */,
				76E9AE1E2984A9EEA78499C4 /* Pods-Parstagram.release.xcconfig */,
				4F7736D8FE522A72FA66D8E6 /* Pods-Parstagram-ParstagramUITests.debug.xcconfig */,
				238E42EBE6EAF3B96FCE1D42 /* Pods-Parstagram-ParstagramUITests.release.xcconfig */,
				C2879970F8974FADCE94D622 /* Pods-ParstagramTests.debug.xcconfig */,
				DB6853D6FE2FB10D117B9554 /* Pods-ParstagramTests.release.xcconfig */,
			);
			path = Pods;
			sourceTree = "<group>";
		};
/* End PBXGroup section */

/* Begin PBXNativeTarget section */
		5EC70A7927D3CCE100B2CD57 /* Parstagram */ = {
			isa = PBXNativeTarget;
			buildConfigurationList = 5EC70AA427D3CCE200B2CD57 /* Build configuration list for PBXNativeTarget "Parstagram" */;
			buildPhases = (
				D2AE0CA95D7ACFFF4D9B00BC /* [CP] Check Pods Manifest.lock */,
				5EC70A7627D3CCE100B2CD57 /* Sources */,
				5EC70A7727D3CCE100B2CD57 /* Frameworks */,
				5EC70A7827D3CCE100B2CD57 /* Resources */,
				9FD30A0C07519D849D09DF9E /* [CP] Embed Pods Frameworks */,
			);
			buildRules = (
			);
			dependencies = (
			);
			name = Parstagram;
			productName = Parstagram;
			productReference = 5EC70A7A27D3CCE100B2CD57 /* Parstagram.app */;
			productType = "com.apple.product-type.application";
		};
		5EC70A8F27D3CCE200B2CD57 /* ParstagramTests */ = {
			isa = PBXNativeTarget;
			buildConfigurationList = 5EC70AA727D3CCE200B2CD57 /* Build configuration list for PBXNativeTarget "ParstagramTests" */;
			buildPhases = (
				C0322D3D1312CEA6A812C793 /* [CP] Check Pods Manifest.lock */,
				5EC70A8C27D3CCE200B2CD57 /* Sources */,
				5EC70A8D27D3CCE200B2CD57 /* Frameworks */,
				5EC70A8E27D3CCE200B2CD57 /* Resources */,
			);
			buildRules = (
			);
			dependencies = (
				5EC70A9227D3CCE200B2CD57 /* PBXTargetDependency */,
			);
			name = ParstagramTests;
			productName = ParstagramTests;
			productReference = 5EC70A9027D3CCE200B2CD57 /* ParstagramTests.xctest */;
			productType = "com.apple.product-type.bundle.unit-test";
		};
		5EC70A9927D3CCE200B2CD57 /* ParstagramUITests */ = {
			isa = PBXNativeTarget;
			buildConfigurationList = 5EC70AAA27D3CCE200B2CD57 /* Build configuration list for PBXNativeTarget "ParstagramUITests" */;
			buildPhases = (
				AA57CD5F8100D2B65681CDB2 /* [CP] Check Pods Manifest.lock */,
				5EC70A9627D3CCE200B2CD57 /* Sources */,
				5EC70A9727D3CCE200B2CD57 /* Frameworks */,
				5EC70A9827D3CCE200B2CD57 /* Resources */,
				505E17A8FE88254E3F478A43 /* [CP] Embed Pods Frameworks */,
			);
			buildRules = (
			);
			dependencies = (
				5EC70A9C27D3CCE200B2CD57 /* PBXTargetDependency */,
			);
			name = ParstagramUITests;
			productName = ParstagramUITests;
			productReference = 5EC70A9A27D3CCE200B2CD57 /* ParstagramUITests.xctest */;
			productType = "com.apple.product-type.bundle.ui-testing";
		};
/* End PBXNativeTarget section */

/* Begin PBXProject section */
		5EC70A7227D3CCE100B2CD57 /* Project object */ = {
			isa = PBXProject;
			attributes = {
				BuildIndependentTargetsInParallel = 1;
				LastSwiftUpdateCheck = 1320;
				LastUpgradeCheck = 1320;
				TargetAttributes = {
					5EC70A7927D3CCE100B2CD57 = {
						CreatedOnToolsVersion = 13.2.1;
					};
					5EC70A8F27D3CCE200B2CD57 = {
						CreatedOnToolsVersion = 13.2.1;
						TestTargetID = 5EC70A7927D3CCE100B2CD57;
					};
					5EC70A9927D3CCE200B2CD57 = {
						CreatedOnToolsVersion = 13.2.1;
						TestTargetID = 5EC70A7927D3CCE100B2CD57;
					};
				};
			};
			buildConfigurationList = 5EC70A7527D3CCE100B2CD57 /* Build configuration list for PBXProject "Parstagram" */;
			compatibilityVersion = "Xcode 13.0";
			developmentRegion = en;
			hasScannedForEncodings = 0;
			knownRegions = (
				en,
				Base,
			);
			mainGroup = 5EC70A7127D3CCE100B2CD57;
			productRefGroup = 5EC70A7B27D3CCE100B2CD57 /* Products */;
			projectDirPath = "";
			projectRoot = "";
			targets = (
				5EC70A7927D3CCE100B2CD57 /* Parstagram */,
				5EC70A8F27D3CCE200B2CD57 /* ParstagramTests */,
				5EC70A9927D3CCE200B2CD57 /* ParstagramUITests */,
			);
		};
/* End PBXProject section */

/* Begin PBXResourcesBuildPhase section */
		5EC70A7827D3CCE100B2CD57 /* Resources */ = {
			isa = PBXResourcesBuildPhase;
			buildActionMask = 2147483647;
			files = (
				5EC70A8A27D3CCE200B2CD57 /* LaunchScreen.storyboard in Resources */,
				5EC70A8727D3CCE200B2CD57 /* Assets.xcassets in Resources */,
				5EC70A8527D3CCE100B2CD57 /* Main.storyboard in Resources */,
			);
			runOnlyForDeploymentPostprocessing = 0;
		};
		5EC70A8E27D3CCE200B2CD57 /* Resources */ = {
			isa = PBXResourcesBuildPhase;
			buildActionMask = 2147483647;
			files = (
			);
			runOnlyForDeploymentPostprocessing = 0;
		};
		5EC70A9827D3CCE200B2CD57 /* Resources */ = {
			isa = PBXResourcesBuildPhase;
			buildActionMask = 2147483647;
			files = (
			);
			runOnlyForDeploymentPostprocessing = 0;
		};
/* End PBXResourcesBuildPhase section */

/* Begin PBXShellScriptBuildPhase section */
		505E17A8FE88254E3F478A43 /* [CP] Embed Pods Frameworks */ = {
			isa = PBXShellScriptBuildPhase;
			buildActionMask = 2147483647;
			files = (
			);
			inputFileListPaths = (
				"${PODS_ROOT}/Target Support Files/Pods-Parstagram-ParstagramUITests/Pods-Parstagram-ParstagramUITests-frameworks-${CONFIGURATION}-input-files.xcfilelist",
			);
			name = "[CP] Embed Pods Frameworks";
			outputFileListPaths = (
				"${PODS_ROOT}/Target Support Files/Pods-Parstagram-ParstagramUITests/Pods-Parstagram-ParstagramUITests-frameworks-${CONFIGURATION}-output-files.xcfilelist",
			);
			runOnlyForDeploymentPostprocessing = 0;
			shellPath = /bin/sh;
			shellScript = "\"${PODS_ROOT}/Target Support Files/Pods-Parstagram-ParstagramUITests/Pods-Parstagram-ParstagramUITests-frameworks.sh\"\n";
			showEnvVarsInLog = 0;
		};
		9FD30A0C07519D849D09DF9E /* [CP] Embed Pods Frameworks */ = {
			isa = PBXShellScriptBuildPhase;
			buildActionMask = 2147483647;
			files = (
			);
			inputFileListPaths = (
				"${PODS_ROOT}/Target Support Files/Pods-Parstagram/Pods-Parstagram-frameworks-${CONFIGURATION}-input-files.xcfilelist",
			);
			name = "[CP] Embed Pods Frameworks";
			outputFileListPaths = (
				"${PODS_ROOT}/Target Support Files/Pods-Parstagram/Pods-Parstagram-frameworks-${CONFIGURATION}-output-files.xcfilelist",
			);
			runOnlyForDeploymentPostprocessing = 0;
			shellPath = /bin/sh;
			shellScript = "\"${PODS_ROOT}/Target Support Files/Pods-Parstagram/Pods-Parstagram-frameworks.sh\"\n";
			showEnvVarsInLog = 0;
		};
		AA57CD5F8100D2B65681CDB2 /* [CP] Check Pods Manifest.lock */ = {
			isa = PBXShellScriptBuildPhase;
			buildActionMask = 2147483647;
			files = (
			);
			inputFileListPaths = (
			);
			inputPaths = (
				"${PODS_PODFILE_DIR_PATH}/Podfile.lock",
				"${PODS_ROOT}/Manifest.lock",
			);
			name = "[CP] Check Pods Manifest.lock";
			outputFileListPaths = (
			);
			outputPaths = (
				"$(DERIVED_FILE_DIR)/Pods-Parstagram-ParstagramUITests-checkManifestLockResult.txt",
			);
			runOnlyForDeploymentPostprocessing = 0;
			shellPath = /bin/sh;
			shellScript = "diff \"${PODS_PODFILE_DIR_PATH}/Podfile.lock\" \"${PODS_ROOT}/Manifest.lock\" > /dev/null\nif [ $? != 0 ] ; then\n    # print error to STDERR\n    echo \"error: The sandbox is not in sync with the Podfile.lock. Run 'pod install' or update your CocoaPods installation.\" >&2\n    exit 1\nfi\n# This output is used by Xcode 'outputs' to avoid re-running this script phase.\necho \"SUCCESS\" > \"${SCRIPT_OUTPUT_FILE_0}\"\n";
			showEnvVarsInLog = 0;
		};
		C0322D3D1312CEA6A812C793 /* [CP] Check Pods Manifest.lock */ = {
			isa = PBXShellScriptBuildPhase;
			buildActionMask = 2147483647;
			files = (
			);
			inputFileListPaths = (
			);
			inputPaths = (
				"${PODS_PODFILE_DIR_PATH}/Podfile.lock",
				"${PODS_ROOT}/Manifest.lock",
			);
			name = "[CP] Check Pods Manifest.lock";
			outputFileListPaths = (
			);
			outputPaths = (
				"$(DERIVED_FILE_DIR)/Pods-ParstagramTests-checkManifestLockResult.txt",
			);
			runOnlyForDeploymentPostprocessing = 0;
			shellPath = /bin/sh;
			shellScript = "diff \"${PODS_PODFILE_DIR_PATH}/Podfile.lock\" \"${PODS_ROOT}/Manifest.lock\" > /dev/null\nif [ $? != 0 ] ; then\n    # print error to STDERR\n    echo \"error: The sandbox is not in sync with the Podfile.lock. Run 'pod install' or update your CocoaPods installation.\" >&2\n    exit 1\nfi\n# This output is used by Xcode 'outputs' to avoid re-running this script phase.\necho \"SUCCESS\" > \"${SCRIPT_OUTPUT_FILE_0}\"\n";
			showEnvVarsInLog = 0;
		};
		D2AE0CA95D7ACFFF4D9B00BC /* [CP] Check Pods Manifest.lock */ = {
			isa = PBXShellScriptBuildPhase;
			buildActionMask = 2147483647;
			files = (
			);
			inputFileListPaths = (
			);
			inputPaths = (
				"${PODS_PODFILE_DIR_PATH}/Podfile.lock",
				"${PODS_ROOT}/Manifest.lock",
			);
			name = "[CP] Check Pods Manifest.lock";
			outputFileListPaths = (
			);
			outputPaths = (
				"$(DERIVED_FILE_DIR)/Pods-Parstagram-checkManifestLockResult.txt",
			);
			runOnlyForDeploymentPostprocessing = 0;
			shellPath = /bin/sh;
			shellScript = "diff \"${PODS_PODFILE_DIR_PATH}/Podfile.lock\" \"${PODS_ROOT}/Manifest.lock\" > /dev/null\nif [ $? != 0 ] ; then\n    # print error to STDERR\n    echo \"error: The sandbox is not in sync with the Podfile.lock. Run 'pod install' or update your CocoaPods installation.\" >&2\n    exit 1\nfi\n# This output is used by Xcode 'outputs' to avoid re-running this script phase.\necho \"SUCCESS\" > \"${SCRIPT_OUTPUT_FILE_0}\"\n";
			showEnvVarsInLog = 0;
		};
/* End PBXShellScriptBuildPhase section */

/* Begin PBXSourcesBuildPhase section */
		5EC70A7627D3CCE100B2CD57 /* Sources */ = {
			isa = PBXSourcesBuildPhase;
			buildActionMask = 2147483647;
			files = (
				5E5DB8E227D3D46200F8017D /* LoginViewController.swift in Sources */,
				5E5DB8E627D3E7F900F8017D /* CameraViewController.swift in Sources */,
				5EC70A7E27D3CCE100B2CD57 /* AppDelegate.swift in Sources */,
				5E5DB8E427D3D48200F8017D /* FeedViewController.swift in Sources */,
				5EC70A8027D3CCE100B2CD57 /* SceneDelegate.swift in Sources */,
				5E5DB8E827D44F9200F8017D /* PostCell.swift in Sources */,
				5E3F813D27D95AAB0099D005 /* CommentCell.swift in Sources */,
			);
			runOnlyForDeploymentPostprocessing = 0;
		};
		5EC70A8C27D3CCE200B2CD57 /* Sources */ = {
			isa = PBXSourcesBuildPhase;
			buildActionMask = 2147483647;
			files = (
				5EC70A9527D3CCE200B2CD57 /* ParstagramTests.swift in Sources */,
			);
			runOnlyForDeploymentPostprocessing = 0;
		};
		5EC70A9627D3CCE200B2CD57 /* Sources */ = {
			isa = PBXSourcesBuildPhase;
			buildActionMask = 2147483647;
			files = (
				5EC70AA127D3CCE200B2CD57 /* ParstagramUITestsLaunchTests.swift in Sources */,
				5EC70A9F27D3CCE200B2CD57 /* ParstagramUITests.swift in Sources */,
			);
			runOnlyForDeploymentPostprocessing = 0;
		};
/* End PBXSourcesBuildPhase section */

/* Begin PBXTargetDependency section */
		5EC70A9227D3CCE200B2CD57 /* PBXTargetDependency */ = {
			isa = PBXTargetDependency;
			target = 5EC70A7927D3CCE100B2CD57 /* Parstagram */;
			targetProxy = 5EC70A9127D3CCE200B2CD57 /* PBXContainerItemProxy */;
		};
		5EC70A9C27D3CCE200B2CD57 /* PBXTargetDependency */ = {
			isa = PBXTargetDependency;
			target = 5EC70A7927D3CCE100B2CD57 /* Parstagram */;
			targetProxy = 5EC70A9B27D3CCE200B2CD57 /* PBXContainerItemProxy */;
		};
/* End PBXTargetDependency section */

/* Begin PBXVariantGroup section */
		5EC70A8327D3CCE100B2CD57 /* Main.storyboard */ = {
			isa = PBXVariantGroup;
			children = (
				5EC70A8427D3CCE100B2CD57 /* Base */,
			);
			name = Main.storyboard;
			sourceTree = "<group>";
		};
		5EC70A8827D3CCE200B2CD57 /* LaunchScreen.storyboard */ = {
			isa = PBXVariantGroup;
			children = (
				5EC70A8927D3CCE200B2CD57 /* Base */,
			);
			name = LaunchScreen.storyboard;
			sourceTree = "<group>";
		};
/* End PBXVariantGroup section */

/* Begin XCBuildConfiguration section */
		5EC70AA227D3CCE200B2CD57 /* Debug */ = {
			isa = XCBuildConfiguration;
			buildSettings = {
				ALWAYS_SEARCH_USER_PATHS = NO;
				CLANG_ANALYZER_NONNULL = YES;
				CLANG_ANALYZER_NUMBER_OBJECT_CONVERSION = YES_AGGRESSIVE;
				CLANG_CXX_LANGUAGE_STANDARD = "gnu++17";
				CLANG_CXX_LIBRARY = "libc++";
				CLANG_ENABLE_MODULES = YES;
				CLANG_ENABLE_OBJC_ARC = YES;
				CLANG_ENABLE_OBJC_WEAK = YES;
				CLANG_WARN_BLOCK_CAPTURE_AUTORELEASING = YES;
				CLANG_WARN_BOOL_CONVERSION = YES;
				CLANG_WARN_COMMA = YES;
				CLANG_WARN_CONSTANT_CONVERSION = YES;
				CLANG_WARN_DEPRECATED_OBJC_IMPLEMENTATIONS = YES;
				CLANG_WARN_DIRECT_OBJC_ISA_USAGE = YES_ERROR;
				CLANG_WARN_DOCUMENTATION_COMMENTS = YES;
				CLANG_WARN_EMPTY_BODY = YES;
				CLANG_WARN_ENUM_CONVERSION = YES;
				CLANG_WARN_INFINITE_RECURSION = YES;
				CLANG_WARN_INT_CONVERSION = YES;
				CLANG_WARN_NON_LITERAL_NULL_CONVERSION = YES;
				CLANG_WARN_OBJC_IMPLICIT_RETAIN_SELF = YES;
				CLANG_WARN_OBJC_LITERAL_CONVERSION = YES;
				CLANG_WARN_OBJC_ROOT_CLASS = YES_ERROR;
				CLANG_WARN_QUOTED_INCLUDE_IN_FRAMEWORK_HEADER = YES;
				CLANG_WARN_RANGE_LOOP_ANALYSIS = YES;
				CLANG_WARN_STRICT_PROTOTYPES = YES;
				CLANG_WARN_SUSPICIOUS_MOVE = YES;
				CLANG_WARN_UNGUARDED_AVAILABILITY = YES_AGGRESSIVE;
				CLANG_WARN_UNREACHABLE_CODE = YES;
				CLANG_WARN__DUPLICATE_METHOD_MATCH = YES;
				COPY_PHASE_STRIP = NO;
				DEBUG_INFORMATION_FORMAT = dwarf;
				ENABLE_STRICT_OBJC_MSGSEND = YES;
				ENABLE_TESTABILITY = YES;
				GCC_C_LANGUAGE_STANDARD = gnu11;
				GCC_DYNAMIC_NO_PIC = NO;
				GCC_NO_COMMON_BLOCKS = YES;
				GCC_OPTIMIZATION_LEVEL = 0;
				GCC_PREPROCESSOR_DEFINITIONS = (
					"DEBUG=1",
					"$(inherited)",
				);
				GCC_WARN_64_TO_32_BIT_CONVERSION = YES;
				GCC_WARN_ABOUT_RETURN_TYPE = YES_ERROR;
				GCC_WARN_UNDECLARED_SELECTOR = YES;
				GCC_WARN_UNINITIALIZED_AUTOS = YES_AGGRESSIVE;
				GCC_WARN_UNUSED_FUNCTION = YES;
				GCC_WARN_UNUSED_VARIABLE = YES;
				IPHONEOS_DEPLOYMENT_TARGET = 15.2;
				MTL_ENABLE_DEBUG_INFO = INCLUDE_SOURCE;
				MTL_FAST_MATH = YES;
				ONLY_ACTIVE_ARCH = YES;
				SDKROOT = iphoneos;
				SWIFT_ACTIVE_COMPILATION_CONDITIONS = DEBUG;
				SWIFT_OPTIMIZATION_LEVEL = "-Onone";
			};
			name = Debug;
		};
		5EC70AA327D3CCE200B2CD57 /* Release */ = {
			isa = XCBuildConfiguration;
			buildSettings = {
				ALWAYS_SEARCH_USER_PATHS = NO;
				CLANG_ANALYZER_NONNULL = YES;
				CLANG_ANALYZER_NUMBER_OBJECT_CONVERSION = YES_AGGRESSIVE;
				CLANG_CXX_LANGUAGE_STANDARD = "gnu++17";
				CLANG_CXX_LIBRARY = "libc++";
				CLANG_ENABLE_MODULES = YES;
				CLANG_ENABLE_OBJC_ARC = YES;
				CLANG_ENABLE_OBJC_WEAK = YES;
				CLANG_WARN_BLOCK_CAPTURE_AUTORELEASING = YES;
				CLANG_WARN_BOOL_CONVERSION = YES;
				CLANG_WARN_COMMA = YES;
				CLANG_WARN_CONSTANT_CONVERSION = YES;
				CLANG_WARN_DEPRECATED_OBJC_IMPLEMENTATIONS = YES;
				CLANG_WARN_DIRECT_OBJC_ISA_USAGE = YES_ERROR;
				CLANG_WARN_DOCUMENTATION_COMMENTS = YES;
				CLANG_WARN_EMPTY_BODY = YES;
				CLANG_WARN_ENUM_CONVERSION = YES;
				CLANG_WARN_INFINITE_RECURSION = YES;
				CLANG_WARN_INT_CONVERSION = YES;
				CLANG_WARN_NON_LITERAL_NULL_CONVERSION = YES;
				CLANG_WARN_OBJC_IMPLICIT_RETAIN_SELF = YES;
				CLANG_WARN_OBJC_LITERAL_CONVERSION = YES;
				CLANG_WARN_OBJC_ROOT_CLASS = YES_ERROR;
				CLANG_WARN_QUOTED_INCLUDE_IN_FRAMEWORK_HEADER = YES;
				CLANG_WARN_RANGE_LOOP_ANALYSIS = YES;
				CLANG_WARN_STRICT_PROTOTYPES = YES;
				CLANG_WARN_SUSPICIOUS_MOVE = YES;
				CLANG_WARN_UNGUARDED_AVAILABILITY = YES_AGGRESSIVE;
				CLANG_WARN_UNREACHABLE_CODE = YES;
				CLANG_WARN__DUPLICATE_METHOD_MATCH = YES;
				COPY_PHASE_STRIP = NO;
				DEBUG_INFORMATION_FORMAT = "dwarf-with-dsym";
				ENABLE_NS_ASSERTIONS = NO;
				ENABLE_STRICT_OBJC_MSGSEND = YES;
				GCC_C_LANGUAGE_STANDARD = gnu11;
				GCC_NO_COMMON_BLOCKS = YES;
				GCC_WARN_64_TO_32_BIT_CONVERSION = YES;
				GCC_WARN_ABOUT_RETURN_TYPE = YES_ERROR;
				GCC_WARN_UNDECLARED_SELECTOR = YES;
				GCC_WARN_UNINITIALIZED_AUTOS = YES_AGGRESSIVE;
				GCC_WARN_UNUSED_FUNCTION = YES;
				GCC_WARN_UNUSED_VARIABLE = YES;
				IPHONEOS_DEPLOYMENT_TARGET = 15.2;
				MTL_ENABLE_DEBUG_INFO = NO;
				MTL_FAST_MATH = YES;
				SDKROOT = iphoneos;
				SWIFT_COMPILATION_MODE = wholemodule;
				SWIFT_OPTIMIZATION_LEVEL = "-O";
				VALIDATE_PRODUCT = YES;
			};
			name = Release;
		};
		5EC70AA527D3CCE200B2CD57 /* Debug */ = {
			isa = XCBuildConfiguration;
			baseConfigurationReference = AA05725D33BB3861AB8704E6 /* Pods-Parstagram.debug.xcconfig */;
			buildSettings = {
				ASSETCATALOG_COMPILER_APPICON_NAME = AppIcon;
				ASSETCATALOG_COMPILER_GLOBAL_ACCENT_COLOR_NAME = AccentColor;
				CODE_SIGN_STYLE = Automatic;
				CURRENT_PROJECT_VERSION = 1;
				DEVELOPMENT_TEAM = L633JN5U5C;
				GENERATE_INFOPLIST_FILE = YES;
				INFOPLIST_FILE = Parstagram/Info.plist;
				INFOPLIST_KEY_UIApplicationSupportsIndirectInputEvents = YES;
				INFOPLIST_KEY_UILaunchStoryboardName = LaunchScreen;
				INFOPLIST_KEY_UIMainStoryboardFile = Main;
				INFOPLIST_KEY_UISupportedInterfaceOrientations_iPad = "UIInterfaceOrientationPortrait UIInterfaceOrientationPortraitUpsideDown UIInterfaceOrientationLandscapeLeft UIInterfaceOrientationLandscapeRight";
				INFOPLIST_KEY_UISupportedInterfaceOrientations_iPhone = "UIInterfaceOrientationPortrait UIInterfaceOrientationLandscapeLeft UIInterfaceOrientationLandscapeRight";
				LD_RUNPATH_SEARCH_PATHS = (
					"$(inherited)",
					"@executable_path/Frameworks",
				);
				MARKETING_VERSION = 1.0;
				PRODUCT_BUNDLE_IDENTIFIER = com.ios.shuk.dev.Parstagram;
				PRODUCT_NAME = "$(TARGET_NAME)";
				SWIFT_EMIT_LOC_STRINGS = YES;
				SWIFT_VERSION = 5.0;
				TARGETED_DEVICE_FAMILY = "1,2";
			};
			name = Debug;
		};
		5EC70AA627D3CCE200B2CD57 /* Release */ = {
			isa = XCBuildConfiguration;
			baseConfigurationReference = 76E9AE1E2984A9EEA78499C4 /* Pods-Parstagram.release.xcconfig */;
			buildSettings = {
				ASSETCATALOG_COMPILER_APPICON_NAME = AppIcon;
				ASSETCATALOG_COMPILER_GLOBAL_ACCENT_COLOR_NAME = AccentColor;
				CODE_SIGN_STYLE = Automatic;
				CURRENT_PROJECT_VERSION = 1;
				DEVELOPMENT_TEAM = L633JN5U5C;
				GENERATE_INFOPLIST_FILE = YES;
				INFOPLIST_FILE = Parstagram/Info.plist;
				INFOPLIST_KEY_UIApplicationSupportsIndirectInputEvents = YES;
				INFOPLIST_KEY_UILaunchStoryboardName = LaunchScreen;
				INFOPLIST_KEY_UIMainStoryboardFile = Main;
				INFOPLIST_KEY_UISupportedInterfaceOrientations_iPad = "UIInterfaceOrientationPortrait UIInterfaceOrientationPortraitUpsideDown UIInterfaceOrientationLandscapeLeft UIInterfaceOrientationLandscapeRight";
				INFOPLIST_KEY_UISupportedInterfaceOrientations_iPhone = "UIInterfaceOrientationPortrait UIInterfaceOrientationLandscapeLeft UIInterfaceOrientationLandscapeRight";
				LD_RUNPATH_SEARCH_PATHS = (
					"$(inherited)",
					"@executable_path/Frameworks",
				);
				MARKETING_VERSION = 1.0;
				PRODUCT_BUNDLE_IDENTIFIER = com.ios.shuk.dev.Parstagram;
				PRODUCT_NAME = "$(TARGET_NAME)";
				SWIFT_EMIT_LOC_STRINGS = YES;
				SWIFT_VERSION = 5.0;
				TARGETED_DEVICE_FAMILY = "1,2";
			};
			name = Release;
		};
		5EC70AA827D3CCE200B2CD57 /* Debug */ = {
			isa = XCBuildConfiguration;
			baseConfigurationReference = C2879970F8974FADCE94D622 /* Pods-ParstagramTests.debug.xcconfig */;
			buildSettings = {
				ALWAYS_EMBED_SWIFT_STANDARD_LIBRARIES = YES;
				BUNDLE_LOADER = "$(TEST_HOST)";
				CODE_SIGN_STYLE = Automatic;
				CURRENT_PROJECT_VERSION = 1;
				DEVELOPMENT_TEAM = L633JN5U5C;
				GENERATE_INFOPLIST_FILE = YES;
				IPHONEOS_DEPLOYMENT_TARGET = 15.2;
				MARKETING_VERSION = 1.0;
				PRODUCT_BUNDLE_IDENTIFIER = com.ios.shuk.dev.ParstagramTests;
				PRODUCT_NAME = "$(TARGET_NAME)";
				SWIFT_EMIT_LOC_STRINGS = NO;
				SWIFT_VERSION = 5.0;
				TARGETED_DEVICE_FAMILY = "1,2";
				TEST_HOST = "$(BUILT_PRODUCTS_DIR)/Parstagram.app/Parstagram";
			};
			name = Debug;
		};
		5EC70AA927D3CCE200B2CD57 /* Release */ = {
			isa = XCBuildConfiguration;
			baseConfigurationReference = DB6853D6FE2FB10D117B9554 /* Pods-ParstagramTests.release.xcconfig */;
			buildSettings = {
				ALWAYS_EMBED_SWIFT_STANDARD_LIBRARIES = YES;
				BUNDLE_LOADER = "$(TEST_HOST)";
				CODE_SIGN_STYLE = Automatic;
				CURRENT_PROJECT_VERSION = 1;
				DEVELOPMENT_TEAM = L633JN5U5C;
				GENERATE_INFOPLIST_FILE = YES;
				IPHONEOS_DEPLOYMENT_TARGET = 15.2;
				MARKETING_VERSION = 1.0;
				PRODUCT_BUNDLE_IDENTIFIER = com.ios.shuk.dev.ParstagramTests;
				PRODUCT_NAME = "$(TARGET_NAME)";
				SWIFT_EMIT_LOC_STRINGS = NO;
				SWIFT_VERSION = 5.0;
				TARGETED_DEVICE_FAMILY = "1,2";
				TEST_HOST = "$(BUILT_PRODUCTS_DIR)/Parstagram.app/Parstagram";
			};
			name = Release;
		};
		5EC70AAB27D3CCE200B2CD57 /* Debug */ = {
			isa = XCBuildConfiguration;
			baseConfigurationReference = 4F7736D8FE522A72FA66D8E6 /* Pods-Parstagram-ParstagramUITests.debug.xcconfig */;
			buildSettings = {
				ALWAYS_EMBED_SWIFT_STANDARD_LIBRARIES = YES;
				CODE_SIGN_STYLE = Automatic;
				CURRENT_PROJECT_VERSION = 1;
				DEVELOPMENT_TEAM = L633JN5U5C;
				GENERATE_INFOPLIST_FILE = YES;
				MARKETING_VERSION = 1.0;
				PRODUCT_BUNDLE_IDENTIFIER = com.ios.shuk.dev.ParstagramUITests;
				PRODUCT_NAME = "$(TARGET_NAME)";
				SWIFT_EMIT_LOC_STRINGS = NO;
				SWIFT_VERSION = 5.0;
				TARGETED_DEVICE_FAMILY = "1,2";
				TEST_TARGET_NAME = Parstagram;
			};
			name = Debug;
		};
		5EC70AAC27D3CCE200B2CD57 /* Release */ = {
			isa = XCBuildConfiguration;
			baseConfigurationReference = 238E42EBE6EAF3B96FCE1D42 /* Pods-Parstagram-ParstagramUITests.release.xcconfig */;
			buildSettings = {
				ALWAYS_EMBED_SWIFT_STANDARD_LIBRARIES = YES;
				CODE_SIGN_STYLE = Automatic;
				CURRENT_PROJECT_VERSION = 1;
				DEVELOPMENT_TEAM = L633JN5U5C;
				GENERATE_INFOPLIST_FILE = YES;
				MARKETING_VERSION = 1.0;
				PRODUCT_BUNDLE_IDENTIFIER = com.ios.shuk.dev.ParstagramUITests;
				PRODUCT_NAME = "$(TARGET_NAME)";
				SWIFT_EMIT_LOC_STRINGS = NO;
				SWIFT_VERSION = 5.0;
				TARGETED_DEVICE_FAMILY = "1,2";
				TEST_TARGET_NAME = Parstagram;
			};
			name = Release;
		};
/* End XCBuildConfiguration section */

/* Begin XCConfigurationList section */
		5EC70A7527D3CCE100B2CD57 /* Build configuration list for PBXProject "Parstagram" */ = {
			isa = XCConfigurationList;
			buildConfigurations = (
				5EC70AA227D3CCE200B2CD57 /* Debug */,
				5EC70AA327D3CCE200B2CD57 /* Release */,
			);
			defaultConfigurationIsVisible = 0;
			defaultConfigurationName = Release;
		};
		5EC70AA427D3CCE200B2CD57 /* Build configuration list for PBXNativeTarget "Parstagram" */ = {
			isa = XCConfigurationList;
			buildConfigurations = (
				5EC70AA527D3CCE200B2CD57 /* Debug */,
				5EC70AA627D3CCE200B2CD57 /* Release */,
			);
			defaultConfigurationIsVisible = 0;
			defaultConfigurationName = Release;
		};
		5EC70AA727D3CCE200B2CD57 /* Build configuration list for PBXNativeTarget "ParstagramTests" */ = {
			isa = XCConfigurationList;
			buildConfigurations = (
				5EC70AA827D3CCE200B2CD57 /* Debug */,
				5EC70AA927D3CCE200B2CD57 /* Release */,
			);
			defaultConfigurationIsVisible = 0;
			defaultConfigurationName = Release;
		};
		5EC70AAA27D3CCE200B2CD57 /* Build configuration list for PBXNativeTarget "ParstagramUITests" */ = {
			isa = XCConfigurationList;
			buildConfigurations = (
				5EC70AAB27D3CCE200B2CD57 /* Debug */,
				5EC70AAC27D3CCE200B2CD57 /* Release */,
			);
			defaultConfigurationIsVisible = 0;
			defaultConfigurationName = Release;
		};
/* End XCConfigurationList section */
	};
	rootObject = 5EC70A7227D3CCE100B2CD57 /* Project object */;
}
